{
  "name": "cyberq-mobile-app",
  "version": "0.1.0",
  "lockfileVersion": 1,
  "requires": true,
  "dependencies": {
    "lodash": {
      "version": "4.17.10",
      "resolved": "https://registry.npmjs.org/lodash/-/lodash-4.17.10.tgz",
      "integrity": "sha512-UejweD1pDoXu+AD825lWwp4ZGtSwgnpZxb3JDViD7StjQz+Nb/6l093lx4OQ0foGWNRoc19mWy7BzL+UAK2iVg=="
    },
    "react-native-navigation": {
      "version": "1.1.471",
      "resolved": "https://registry.npmjs.org/react-native-navigation/-/react-native-navigation-1.1.471.tgz",
      "integrity": "sha512-X6KMkJhplH+s7s2O99KMKMKAr3Qrv1iQ1Yt6bFpNU+LaSJrHDN65WtuFwc9/2nnvO2P05H58T9JlKtYjkBVXgA==",
      "requires": {
        "lodash": "4.17.10"
      }
    }
  }
}
